<?xml version="1.0" encoding="utf-8"?>
<Project ToolsVersion="17.0" xmlns="http://schemas.microsoft.com/developer/msbuild/2003">
  <ItemGroup>
    <ClCompile Include="C:\Users\sysadmin\CLionProjects\GrafiX\src\GrafiX.cpp">
      <Filter>Source Files</Filter>
    </ClCompile>
  </ItemGroup>
  <ItemGroup>
    <CustomBuild Include="C:\Users\sysadmin\CLionProjects\GrafiX\CMakeLists.txt" />
  </ItemGroup>
  <ItemGroup>
    <Filter Include="Source Files">
      <UniqueIdentifier>{AA0B7E1F-D7C7-395B-933B-73CD3EF1BD1B}</UniqueIdentifier>
    </Filter>
  </ItemGroup>
</Project>
